<?xml version="1.0" encoding="utf-8"?>
<Project ToolsVersion="4.0" xmlns="http://schemas.microsoft.com/developer/msbuild/2003">
  <ItemGroup>
    <Filter Include="Source Files">
      <UniqueIdentifier>{4FC737F1-C7A5-4376-A066-2A32D752A2FF}</UniqueIdentifier>
      <Extensions>cpp;cxx;c;def</Extensions>
    </Filter>
    <Filter Include="Header Files">
      <UniqueIdentifier>{93995380-89BD-4b04-88EB-625FBE52EBFB}</UniqueIdentifier>
      <Extensions>h</Extensions>
    </Filter>
    <Filter Include="Form Files">
      <UniqueIdentifier>{99349809-55BA-4b9d-BF79-8FDBB0286EB3}</UniqueIdentifier>
      <Extensions>ui</Extensions>
    </Filter>
    <Filter Include="Resource Files">
      <UniqueIdentifier>{D9D6E242-F8AF-46E4-B9FD-80ECBC20BA3E}</UniqueIdentifier>
      <Extensions>qrc;*</Extensions>
      <ParseFiles>false</ParseFiles>
    </Filter>
    <Filter Include="Generated Files">
      <UniqueIdentifier>{71ED8ED8-ACB9-4CE9-BBE1-E00B30144E11}</UniqueIdentifier>
      <Extensions>moc;h;cpp</Extensions>
      <SourceControlFiles>False</SourceControlFiles>
    </Filter>
    <Filter Include="Generated Files\Release">
      <UniqueIdentifier>{05a60b84-4b5b-4521-9a8c-dfb3f17dc87e}</UniqueIdentifier>
      <Extensions>cpp;moc</Extensions>
      <SourceControlFiles>False</SourceControlFiles>
    </Filter>
    <Filter Include="Translation Files">
      <UniqueIdentifier>{639EADAA-A684-42e4-A9AD-28FC9BCB8F7C}</UniqueIdentifier>
      <Extensions>ts</Extensions>
      <ParseFiles>false</ParseFiles>
    </Filter>
    <Filter Include="Generated Files\Release\Debug">
      <UniqueIdentifier>{83836d46-e749-4b95-b440-eba7e4e42889}</UniqueIdentifier>
      <Extensions>cpp;moc</Extensions>
      <SourceControlFiles>False</SourceControlFiles>
    </Filter>
  </ItemGroup>
  <ItemGroup>
    <ClCompile Include="main.cpp">
      <Filter>Source Files</Filter>
    </ClCompile>
    <ClCompile Include="ct.cpp">
      <Filter>Source Files</Filter>
    </ClCompile>
    <ClCompile Include="GeneratedFiles\Debug\moc_ct.cpp">
      <Filter>Generated Files\Release\Debug</Filter>
    </ClCompile>
    <ClCompile Include="GeneratedFiles\Release\moc_ct.cpp">
      <Filter>Generated Files\Release</Filter>
    </ClCompile>
    <ClCompile Include="ControllerHelper.cpp">
      <Filter>Source Files</Filter>
    </ClCompile>
    <ClCompile Include="Core.cpp">
      <Filter>Source Files</Filter>
    </ClCompile>
    <ClCompile Include="PrintHelper.cpp">
      <Filter>Source Files</Filter>
    </ClCompile>
    <ClCompile Include="GeneratedFiles\Debug\moc_ControllerHelper.cpp">
      <Filter>Generated Files\Release\Debug</Filter>
    </ClCompile>
    <ClCompile Include="GeneratedFiles\Debug\moc_PrintHelper.cpp">
      <Filter>Generated Files\Release\Debug</Filter>
    </ClCompile>
    <ClCompile Include="GeneratedFiles\Debug\moc_Core.cpp">
      <Filter>Generated Files\Release\Debug</Filter>
    </ClCompile>
    <ClCompile Include="GeneratedFiles\Release\moc_Core.cpp">
      <Filter>Generated Files\Release</Filter>
    </ClCompile>
    <ClCompile Include="GeneratedFiles\Release\moc_ControllerHelper.cpp">
      <Filter>Generated Files\Release</Filter>
    </ClCompile>
    <ClCompile Include="GeneratedFiles\Debug\moc_qcustomplot.cpp">
      <Filter>Generated Files\Release\Debug</Filter>
    </ClCompile>
    <ClCompile Include="GeneratedFiles\Release\moc_qcustomplot.cpp">
      <Filter>Generated Files\Release</Filter>
    </ClCompile>
    <ClCompile Include="qcustomplot.cpp">
      <Filter>Source Files</Filter>
    </ClCompile>
    <ClCompile Include="Target.cpp">
      <Filter>Source Files</Filter>
    </ClCompile>
    <ClCompile Include="Practice.cpp">
      <Filter>Source Files</Filter>
    </ClCompile>
    <ClCompile Include="GeneratedFiles\Debug\moc_Practice.cpp">
      <Filter>Generated Files\Release\Debug</Filter>
    </ClCompile>
    <ClCompile Include="GeneratedFiles\Release\moc_Practice.cpp">
      <Filter>Generated Files\Release</Filter>
    </ClCompile>
    <ClCompile Include="GeneratedFiles\Debug\moc_Target.cpp">
      <Filter>Generated Files\Release\Debug</Filter>
    </ClCompile>
    <ClCompile Include="GeneratedFiles\Release\moc_Target.cpp">
      <Filter>Generated Files\Release</Filter>
    </ClCompile>
    <ClCompile Include="SoundManager.cpp">
      <Filter>Source Files</Filter>
    </ClCompile>
    <ClCompile Include="GeneratedFiles\Debug\moc_SoundManager.cpp">
      <Filter>Generated Files\Release\Debug</Filter>
    </ClCompile>
    <ClCompile Include="GeneratedFiles\Release\moc_SoundManager.cpp">
      <Filter>Generated Files\Release</Filter>
    </ClCompile>
    <ClCompile Include="GeneratedFiles\qrc_CT.cpp">
      <Filter>Generated Files</Filter>
    </ClCompile>
  </ItemGroup>
  <ItemGroup>
    <CustomBuild Include="ct.h">
      <Filter>Header Files</Filter>
    </CustomBuild>
    <CustomBuild Include="ct.ui">
      <Filter>Form Files</Filter>
    </CustomBuild>
    <CustomBuild Include="ControllerHelper.h">
      <Filter>Header Files</Filter>
    </CustomBuild>
    <CustomBuild Include="PrintHelper.h">
      <Filter>Header Files</Filter>
    </CustomBuild>
    <CustomBuild Include="Core.h">
      <Filter>Header Files</Filter>
    </CustomBuild>
    <CustomBuild Include="qcustomplot.h">
      <Filter>Header Files</Filter>
    </CustomBuild>
    <CustomBuild Include="Practice.h">
      <Filter>Header Files</Filter>
    </CustomBuild>
    <CustomBuild Include="Target.h">
      <Filter>Header Files</Filter>
    </CustomBuild>
    <CustomBuild Include="SoundManager.h">
      <Filter>Header Files</Filter>
    </CustomBuild>
    <CustomBuild Include="Target.ui">
      <Filter>Form Files</Filter>
    </CustomBuild>
    <CustomBuild Include="ReportsWizard.ui">
      <Filter>Form Files</Filter>
    </CustomBuild>
    <CustomBuild Include="CT.qrc">
      <Filter>Resource Files</Filter>
    </CustomBuild>
    <CustomBuild Include="Settings.ui">
      <Filter>Form Files</Filter>
    </CustomBuild>
    <CustomBuild Include="ShotCountChooser.ui">
      <Filter>Form Files</Filter>
    </CustomBuild>
    <CustomBuild Include="MenuWindow.ui">
      <Filter>Form Files</Filter>
    </CustomBuild>
  </ItemGroup>
  <ItemGroup>
    <ClInclude Include="GeneratedFiles\ui_ct.h">
      <Filter>Generated Files</Filter>
    </ClInclude>
    <ClInclude Include="Defines.h">
      <Filter>Header Files</Filter>
    </ClInclude>
    <ClInclude Include="GeneratedFiles\ui_Target.h">
      <Filter>Generated Files</Filter>
    </ClInclude>
    <ClInclude Include="GeneratedFiles\ui_ReportsWizard.h">
      <Filter>Generated Files</Filter>
    </ClInclude>
    <ClInclude Include="resource.h">
      <Filter>Header Files</Filter>
    </ClInclude>
    <ClInclude Include="GeneratedFiles\ui_Settings.h">
      <Filter>Generated Files</Filter>
    </ClInclude>
    <ClInclude Include="GeneratedFiles\ui_ShotCountChooser.h">
      <Filter>Generated Files</Filter>
    </ClInclude>
    <ClInclude Include="GeneratedFiles\ui_MenuWindow.h">
      <Filter>Generated Files</Filter>
    </ClInclude>
  </ItemGroup>
  <ItemGroup>
    <None Include="ct_ru.ts">
      <Filter>Translation Files</Filter>
    </None>
  </ItemGroup>
  <ItemGroup>
    <ResourceCompile Include="CT.rc" />
  </ItemGroup>
  <ItemGroup>
    <Image Include="logo.ico" />
  </ItemGroup>
</Project>